
Microsoft Visual Studio Solution File, Format Version 12.00
# Visual Studio Version 17
VisualStudioVersion = 17.14.36414.22 d17.14
MinimumVisualStudioVersion = 10.0.40219.1
Project("{8BC9CEB8-8B4A-11D0-8D11-00A0C91BC942}") = "Class828", "Class828\Class828.vcxproj", "{8DC0E8E9-9E58-4A42-871F-D1A666D278B2}"
EndProject
Global
	GlobalSection(SolutionConfigurationPlatforms) = preSolution
		Debug|x64 = Debug|x64
		Debug|x86 = Debug|x86
		Release|x64 = Release|x64
		Release|x86 = Release|x86
	EndGlobalSection
	GlobalSection(ProjectConfigurationPlatforms) = postSolution
		{8DC0E8E9-9E58-4A42-871F-D1A666D278B2}.Debug|x64.ActiveCfg = Debug|x64
		{8DC0E8E9-9E58-4A42-871F-D1A666D278B2}.Debug|x64.Build.0 = Debug|x64
		{8DC0E8E9-9E58-4A42-871F-D1A666D278B2}.Debug|x86.ActiveCfg = Debug|Win32
		{8DC0E8E9-9E58-4A42-871F-D1A666D278B2}.Debug|x86.Build.0 = Debug|Win32
		{8DC0E8E9-9E58-4A42-871F-D1A666D278B2}.Release|x64.ActiveCfg = Release|x64
		{8DC0E8E9-9E58-4A42-871F-D1A666D278B2}.Release|x64.Build.0 = Release|x64
		{8DC0E8E9-9E58-4A42-871F-D1A666D278B2}.Release|x86.ActiveCfg = Release|Win32
		{8DC0E8E9-9E58-4A42-871F-D1A666D278B2}.Release|x86.Build.0 = Release|Win32
	EndGlobalSection
	GlobalSection(SolutionProperties) = preSolution
		HideSolutionNode = FALSE
	EndGlobalSection
	GlobalSection(ExtensibilityGlobals) = postSolution
		SolutionGuid = {85B93CF3-38C3-435A-AF81-C0476C6497DF}
	EndGlobalSection
EndGlobal
